
Microsoft Visual Studio Solution File, Format Version 12.00
# Visual Studio 15
VisualStudioVersion = 15.0.28010.2003
MinimumVisualStudioVersion = 10.0.40219.1
Project("{8BC9CEB8-8B4A-11D0-8D11-00A0C91BC942}") = "tinyrender", "tinyrender.vcxproj", "{74A6E119-744E-435D-B322-847F503FF878}"
EndProject
Global
	GlobalSection(SolutionConfigurationPlatforms) = preSolution
		Debug|x64 = Debug|x64
		Debug|x86 = Debug|x86
		Release|x64 = Release|x64
		Release|x86 = Release|x86
	EndGlobalSection
	GlobalSection(ProjectConfigurationPlatforms) = postSolution
		{74A6E119-744E-435D-B322-847F503FF878}.Debug|x64.ActiveCfg = Debug|x64
		{74A6E119-744E-435D-B322-847F503FF878}.Debug|x64.Build.0 = Debug|x64
		{74A6E119-744E-435D-B322-847F503FF878}.Debug|x86.ActiveCfg = Debug|Win32
		{74A6E119-744E-435D-B322-847F503FF878}.Debug|x86.Build.0 = Debug|Win32
		{74A6E119-744E-435D-B322-847F503FF878}.Release|x64.ActiveCfg = Release|x64
		{74A6E119-744E-435D-B322-847F503FF878}.Release|x64.Build.0 = Release|x64
		{74A6E119-744E-435D-B322-847F503FF878}.Release|x86.ActiveCfg = Release|Win32
		{74A6E119-744E-435D-B322-847F503FF878}.Release|x86.Build.0 = Release|Win32
	EndGlobalSection
	GlobalSection(SolutionProperties) = preSolution
		HideSolutionNode = FALSE
	EndGlobalSection
	GlobalSection(ExtensibilityGlobals) = postSolution
		SolutionGuid = {F720764E-B02B-472D-8A23-7F4EB7D18E7B}
	EndGlobalSection
EndGlobal
